
Microsoft Visual Studio Solution File, Format Version 12.00
# Visual Studio Version 16
VisualStudioVersion = 16.0.31410.357
MinimumVisualStudioVersion = 10.0.40219.1
Project("{FAE04EC0-301F-11D3-BF4B-00C04F79EFBC}") = "Notepad", "Notepad\Notepad.csproj", "{1D2E3512-FC54-4A32-8DDF-3C459F5C8538}"
EndProject
Global
	GlobalSection(SolutionConfigurationPlatforms) = preSolution
		Debug|Any CPU = Debug|Any CPU
		Release|Any CPU = Release|Any CPU
	EndGlobalSection
	GlobalSection(ProjectConfigurationPlatforms) = postSolution
		{1D2E3512-FC54-4A32-8DDF-3C459F5C8538}.Debug|Any CPU.ActiveCfg = Debug|Any CPU
		{1D2E3512-FC54-4A32-8DDF-3C459F5C8538}.Debug|Any CPU.Build.0 = Debug|Any CPU
		{1D2E3512-FC54-4A32-8DDF-3C459F5C8538}.Release|Any CPU.ActiveCfg = Release|Any CPU
		{1D2E3512-FC54-4A32-8DDF-3C459F5C8538}.Release|Any CPU.Build.0 = Release|Any CPU
	EndGlobalSection
	GlobalSection(SolutionProperties) = preSolution
		HideSolutionNode = FALSE
	EndGlobalSection
	GlobalSection(ExtensibilityGlobals) = postSolution
		SolutionGuid = {4A3ADCB0-B1A4-4E97-9B9A-6B677ADD86E7}
	EndGlobalSection
EndGlobal
